
Microsoft Visual Studio Solution File, Format Version 12.00
# Visual Studio 15
VisualStudioVersion = 15.0.28307.168
MinimumVisualStudioVersion = 10.0.40219.1
Project("{9A19103F-16F7-4668-BE54-9A1E7A4F7556}") = "TurAgencijaRS2_WebApi", "TurAgencijaRS2_WebApi\TurAgencijaRS2_WebApi.csproj", "{B9FAD208-23A4-4D89-AC10-81E74E19C7E0}"
EndProject
Project("{9A19103F-16F7-4668-BE54-9A1E7A4F7556}") = "TurAgencijaRS2_Model", "TurAgencijaRS2_Model\TurAgencijaRS2_Model.csproj", "{9914FCDC-CCAE-45BE-98F0-CB5B71CEB55F}"
EndProject
Project("{2150E333-8FDC-42A3-9474-1A3956D46DE8}") = "UI", "UI", "{4C825B61-C6F0-4F60-B547-0173C6E39359}"
EndProject
Project("{FAE04EC0-301F-11D3-BF4B-00C04F79EFBC}") = "TurAgencijaRS2_UI", "TurAgencijaRS2_UI\TurAgencijaRS2_UI.csproj", "{445A69BE-0B76-485F-9838-7C3EF5251725}"
EndProject
Project("{FAE04EC0-301F-11D3-BF4B-00C04F79EFBC}") = "TurAgencijaRS2_Mobile1.iOS", "TurAgencijaRS2_Mobile1\TurAgencijaRS2_Mobile1.iOS\TurAgencijaRS2_Mobile1.iOS.csproj", "{2E654B08-B65C-4AF9-A5F4-FDA22E046C01}"
EndProject
Project("{FAE04EC0-301F-11D3-BF4B-00C04F79EFBC}") = "TurAgencijaRS2_Mobile1.UWP", "TurAgencijaRS2_Mobile1\TurAgencijaRS2_Mobile1.UWP\TurAgencijaRS2_Mobile1.UWP.csproj", "{77DA33CC-4508-48AE-8AC2-678A08A6668C}"
EndProject
Project("{9A19103F-16F7-4668-BE54-9A1E7A4F7556}") = "TurAgencijaRS2_Mobile1", "TurAgencijaRS2_Mobile1\TurAgencijaRS2_Mobile1\TurAgencijaRS2_Mobile1.csproj", "{9084E517-4EEE-4B73-9769-F26F37549613}"
EndProject
Global
	GlobalSection(SolutionConfigurationPlatforms) = preSolution
		Debug|Any CPU = Debug|Any CPU
		Debug|ARM = Debug|ARM
		Debug|iPhone = Debug|iPhone
		Debug|iPhoneSimulator = Debug|iPhoneSimulator
		Debug|x64 = Debug|x64
		Debug|x86 = Debug|x86
		Release|Any CPU = Release|Any CPU
		Release|ARM = Release|ARM
		Release|iPhone = Release|iPhone
		Release|iPhoneSimulator = Release|iPhoneSimulator
		Release|x64 = Release|x64
		Release|x86 = Release|x86
	EndGlobalSection
	GlobalSection(ProjectConfigurationPlatforms) = postSolution
		{B9FAD208-23A4-4D89-AC10-81E74E19C7E0}.Debug|Any CPU.ActiveCfg = Debug|Any CPU
		{B9FAD208-23A4-4D89-AC10-81E74E19C7E0}.Debug|Any CPU.Build.0 = Debug|Any CPU
		{B9FAD208-23A4-4D89-AC10-81E74E19C7E0}.Debug|ARM.ActiveCfg = Debug|Any CPU
		{B9FAD208-23A4-4D89-AC10-81E74E19C7E0}.Debug|ARM.Build.0 = Debug|Any CPU
		{B9FAD208-23A4-4D89-AC10-81E74E19C7E0}.Debug|iPhone.ActiveCfg = Debug|Any CPU
		{B9FAD208-23A4-4D89-AC10-81E74E19C7E0}.Debug|iPhone.Build.0 = Debug|Any CPU
		{B9FAD208-23A4-4D89-AC10-81E74E19C7E0}.Debug|iPhoneSimulator.ActiveCfg = Debug|Any CPU
		{B9FAD208-23A4-4D89-AC10-81E74E19C7E0}.Debug|iPhoneSimulator.Build.0 = Debug|Any CPU
		{B9FAD208-23A4-4D89-AC10-81E74E19C7E0}.Debug|x64.ActiveCfg = Debug|Any CPU
		{B9FAD208-23A4-4D89-AC10-81E74E19C7E0}.Debug|x64.Build.0 = Debug|Any CPU
		{B9FAD208-23A4-4D89-AC10-81E74E19C7E0}.Debug|x86.ActiveCfg = Debug|Any CPU
		{B9FAD208-23A4-4D89-AC10-81E74E19C7E0}.Debug|x86.Build.0 = Debug|Any CPU
		{B9FAD208-23A4-4D89-AC10-81E74E19C7E0}.Release|Any CPU.ActiveCfg = Release|Any CPU
		{B9FAD208-23A4-4D89-AC10-81E74E19C7E0}.Release|Any CPU.Build.0 = Release|Any CPU
		{B9FAD208-23A4-4D89-AC10-81E74E19C7E0}.Release|ARM.ActiveCfg = Release|Any CPU
		{B9FAD208-23A4-4D89-AC10-81E74E19C7E0}.Release|ARM.Build.0 = Release|Any CPU
		{B9FAD208-23A4-4D89-AC10-81E74E19C7E0}.Release|iPhone.ActiveCfg = Release|Any CPU
		{B9FAD208-23A4-4D89-AC10-81E74E19C7E0}.Release|iPhone.Build.0 = Release|Any CPU
		{B9FAD208-23A4-4D89-AC10-81E74E19C7E0}.Release|iPhoneSimulator.ActiveCfg = Release|Any CPU
		{B9FAD208-23A4-4D89-AC10-81E74E19C7E0}.Release|iPhoneSimulator.Build.0 = Release|Any CPU
		{B9FAD208-23A4-4D89-AC10-81E74E19C7E0}.Release|x64.ActiveCfg = Release|Any CPU
		{B9FAD208-23A4-4D89-AC10-81E74E19C7E0}.Release|x64.Build.0 = Release|Any CPU
		{B9FAD208-23A4-4D89-AC10-81E74E19C7E0}.Release|x86.ActiveCfg = Release|Any CPU
		{B9FAD208-23A4-4D89-AC10-81E74E19C7E0}.Release|x86.Build.0 = Release|Any CPU
		{9914FCDC-CCAE-45BE-98F0-CB5B71CEB55F}.Debug|Any CPU.ActiveCfg = Debug|Any CPU
		{9914FCDC-CCAE-45BE-98F0-CB5B71CEB55F}.Debug|Any CPU.Build.0 = Debug|Any CPU
		{9914FCDC-CCAE-45BE-98F0-CB5B71CEB55F}.Debug|ARM.ActiveCfg = Debug|Any CPU
		{9914FCDC-CCAE-45BE-98F0-CB5B71CEB55F}.Debug|ARM.Build.0 = Debug|Any CPU
		{9914FCDC-CCAE-45BE-98F0-CB5B71CEB55F}.Debug|iPhone.ActiveCfg = Debug|Any CPU
		{9914FCDC-CCAE-45BE-98F0-CB5B71CEB55F}.Debug|iPhone.Build.0 = Debug|Any CPU
		{9914FCDC-CCAE-45BE-98F0-CB5B71CEB55F}.Debug|iPhoneSimulator.ActiveCfg = Debug|Any CPU
		{9914FCDC-CCAE-45BE-98F0-CB5B71CEB55F}.Debug|iPhoneSimulator.Build.0 = Debug|Any CPU
		{9914FCDC-CCAE-45BE-98F0-CB5B71CEB55F}.Debug|x64.ActiveCfg = Debug|Any CPU
		{9914FCDC-CCAE-45BE-98F0-CB5B71CEB55F}.Debug|x64.Build.0 = Debug|Any CPU
		{9914FCDC-CCAE-45BE-98F0-CB5B71CEB55F}.Debug|x86.ActiveCfg = Debug|Any CPU
		{9914FCDC-CCAE-45BE-98F0-CB5B71CEB55F}.Debug|x86.Build.0 = Debug|Any CPU
		{9914FCDC-CCAE-45BE-98F0-CB5B71CEB55F}.Release|Any CPU.ActiveCfg = Release|Any CPU
		{9914FCDC-CCAE-45BE-98F0-CB5B71CEB55F}.Release|Any CPU.Build.0 = Release|Any CPU
		{9914FCDC-CCAE-45BE-98F0-CB5B71CEB55F}.Release|ARM.ActiveCfg = Release|Any CPU
		{9914FCDC-CCAE-45BE-98F0-CB5B71CEB55F}.Release|ARM.Build.0 = Release|Any CPU
		{9914FCDC-CCAE-45BE-98F0-CB5B71CEB55F}.Release|iPhone.ActiveCfg = Release|Any CPU
		{9914FCDC-CCAE-45BE-98F0-CB5B71CEB55F}.Release|iPhone.Build.0 = Release|Any CPU
		{9914FCDC-CCAE-45BE-98F0-CB5B71CEB55F}.Release|iPhoneSimulator.ActiveCfg = Release|Any CPU
		{9914FCDC-CCAE-45BE-98F0-CB5B71CEB55F}.Release|iPhoneSimulator.Build.0 = Release|Any CPU
		{9914FCDC-CCAE-45BE-98F0-CB5B71CEB55F}.Release|x64.ActiveCfg = Release|Any CPU
		{9914FCDC-CCAE-45BE-98F0-CB5B71CEB55F}.Release|x64.Build.0 = Release|Any CPU
		{9914FCDC-CCAE-45BE-98F0-CB5B71CEB55F}.Release|x86.ActiveCfg = Release|Any CPU
		{9914FCDC-CCAE-45BE-98F0-CB5B71CEB55F}.Release|x86.Build.0 = Release|Any CPU
		{445A69BE-0B76-485F-9838-7C3EF5251725}.Debug|Any CPU.ActiveCfg = Debug|Any CPU
		{445A69BE-0B76-485F-9838-7C3EF5251725}.Debug|Any CPU.Build.0 = Debug|Any CPU
		{445A69BE-0B76-485F-9838-7C3EF5251725}.Debug|ARM.ActiveCfg = Debug|Any CPU
		{445A69BE-0B76-485F-9838-7C3EF5251725}.Debug|ARM.Build.0 = Debug|Any CPU
		{445A69BE-0B76-485F-9838-7C3EF5251725}.Debug|iPhone.ActiveCfg = Debug|Any CPU
		{445A69BE-0B76-485F-9838-7C3EF5251725}.Debug|iPhone.Build.0 = Debug|Any CPU
		{445A69BE-0B76-485F-9838-7C3EF5251725}.Debug|iPhoneSimulator.ActiveCfg = Debug|Any CPU
		{445A69BE-0B76-485F-9838-7C3EF5251725}.Debug|iPhoneSimulator.Build.0 = Debug|Any CPU
		{445A69BE-0B76-485F-9838-7C3EF5251725}.Debug|x64.ActiveCfg = Debug|Any CPU
		{445A69BE-0B76-485F-9838-7C3EF5251725}.Debug|x64.Build.0 = Debug|Any CPU
		{445A69BE-0B76-485F-9838-7C3EF5251725}.Debug|x86.ActiveCfg = Debug|Any CPU
		{445A69BE-0B76-485F-9838-7C3EF5251725}.Debug|x86.Build.0 = Debug|Any CPU
		{445A69BE-0B76-485F-9838-7C3EF5251725}.Release|Any CPU.ActiveCfg = Release|Any CPU
		{445A69BE-0B76-485F-9838-7C3EF5251725}.Release|Any CPU.Build.0 = Release|Any CPU
		{445A69BE-0B76-485F-9838-7C3EF5251725}.Release|ARM.ActiveCfg = Release|Any CPU
		{445A69BE-0B76-485F-9838-7C3EF5251725}.Release|ARM.Build.0 = Release|Any CPU
		{445A69BE-0B76-485F-9838-7C3EF5251725}.Release|iPhone.ActiveCfg = Release|Any CPU
		{445A69BE-0B76-485F-9838-7C3EF5251725}.Release|iPhone.Build.0 = Release|Any CPU
		{445A69BE-0B76-485F-9838-7C3EF5251725}.Release|iPhoneSimulator.ActiveCfg = Release|Any CPU
		{445A69BE-0B76-485F-9838-7C3EF5251725}.Release|iPhoneSimulator.Build.0 = Release|Any CPU
		{445A69BE-0B76-485F-9838-7C3EF5251725}.Release|x64.ActiveCfg = Release|Any CPU
		{445A69BE-0B76-485F-9838-7C3EF5251725}.Release|x64.Build.0 = Release|Any CPU
		{445A69BE-0B76-485F-9838-7C3EF5251725}.Release|x86.ActiveCfg = Release|Any CPU
		{445A69BE-0B76-485F-9838-7C3EF5251725}.Release|x86.Build.0 = Release|Any CPU
		{2E654B08-B65C-4AF9-A5F4-FDA22E046C01}.Debug|Any CPU.ActiveCfg = Debug|iPhone
		{2E654B08-B65C-4AF9-A5F4-FDA22E046C01}.Debug|ARM.ActiveCfg = Debug|iPhone
		{2E654B08-B65C-4AF9-A5F4-FDA22E046C01}.Debug|iPhone.ActiveCfg = Debug|iPhone
		{2E654B08-B65C-4AF9-A5F4-FDA22E046C01}.Debug|iPhone.Build.0 = Debug|iPhone
		{2E654B08-B65C-4AF9-A5F4-FDA22E046C01}.Debug|iPhoneSimulator.ActiveCfg = Debug|iPhoneSimulator
		{2E654B08-B65C-4AF9-A5F4-FDA22E046C01}.Debug|iPhoneSimulator.Build.0 = Debug|iPhoneSimulator
		{2E654B08-B65C-4AF9-A5F4-FDA22E046C01}.Debug|x64.ActiveCfg = Debug|iPhone
		{2E654B08-B65C-4AF9-A5F4-FDA22E046C01}.Debug|x86.ActiveCfg = Debug|iPhone
		{2E654B08-B65C-4AF9-A5F4-FDA22E046C01}.Release|Any CPU.ActiveCfg = Release|iPhone
		{2E654B08-B65C-4AF9-A5F4-FDA22E046C01}.Release|ARM.ActiveCfg = Release|iPhone
		{2E654B08-B65C-4AF9-A5F4-FDA22E046C01}.Release|iPhone.ActiveCfg = Release|iPhone
		{2E654B08-B65C-4AF9-A5F4-FDA22E046C01}.Release|iPhone.Build.0 = Release|iPhone
		{2E654B08-B65C-4AF9-A5F4-FDA22E046C01}.Release|iPhoneSimulator.ActiveCfg = Release|iPhoneSimulator
		{2E654B08-B65C-4AF9-A5F4-FDA22E046C01}.Release|iPhoneSimulator.Build.0 = Release|iPhoneSimulator
		{2E654B08-B65C-4AF9-A5F4-FDA22E046C01}.Release|x64.ActiveCfg = Release|iPhone
		{2E654B08-B65C-4AF9-A5F4-FDA22E046C01}.Release|x86.ActiveCfg = Release|iPhone
		{77DA33CC-4508-48AE-8AC2-678A08A6668C}.Debug|Any CPU.ActiveCfg = Debug|x86
		{77DA33CC-4508-48AE-8AC2-678A08A6668C}.Debug|ARM.ActiveCfg = Debug|ARM
		{77DA33CC-4508-48AE-8AC2-678A08A6668C}.Debug|ARM.Build.0 = Debug|ARM
		{77DA33CC-4508-48AE-8AC2-678A08A6668C}.Debug|ARM.Deploy.0 = Debug|ARM
		{77DA33CC-4508-48AE-8AC2-678A08A6668C}.Debug|iPhone.ActiveCfg = Debug|x86
		{77DA33CC-4508-48AE-8AC2-678A08A6668C}.Debug|iPhoneSimulator.ActiveCfg = Debug|x86
		{77DA33CC-4508-48AE-8AC2-678A08A6668C}.Debug|x64.ActiveCfg = Debug|x64
		{77DA33CC-4508-48AE-8AC2-678A08A6668C}.Debug|x64.Build.0 = Debug|x64
		{77DA33CC-4508-48AE-8AC2-678A08A6668C}.Debug|x64.Deploy.0 = Debug|x64
		{77DA33CC-4508-48AE-8AC2-678A08A6668C}.Debug|x86.ActiveCfg = Debug|x86
		{77DA33CC-4508-48AE-8AC2-678A08A6668C}.Debug|x86.Build.0 = Debug|x86
		{77DA33CC-4508-48AE-8AC2-678A08A6668C}.Debug|x86.Deploy.0 = Debug|x86
		{77DA33CC-4508-48AE-8AC2-678A08A6668C}.Release|Any CPU.ActiveCfg = Release|x86
		{77DA33CC-4508-48AE-8AC2-678A08A6668C}.Release|ARM.ActiveCfg = Release|ARM
		{77DA33CC-4508-48AE-8AC2-678A08A6668C}.Release|ARM.Build.0 = Release|ARM
		{77DA33CC-4508-48AE-8AC2-678A08A6668C}.Release|ARM.Deploy.0 = Release|ARM
		{77DA33CC-4508-48AE-8AC2-678A08A6668C}.Release|iPhone.ActiveCfg = Release|x86
		{77DA33CC-4508-48AE-8AC2-678A08A6668C}.Release|iPhoneSimulator.ActiveCfg = Release|x86
		{77DA33CC-4508-48AE-8AC2-678A08A6668C}.Release|x64.ActiveCfg = Release|x64
		{77DA33CC-4508-48AE-8AC2-678A08A6668C}.Release|x64.Build.0 = Release|x64
		{77DA33CC-4508-48AE-8AC2-678A08A6668C}.Release|x64.Deploy.0 = Release|x64
		{77DA33CC-4508-48AE-8AC2-678A08A6668C}.Release|x86.ActiveCfg = Release|x86
		{77DA33CC-4508-48AE-8AC2-678A08A6668C}.Release|x86.Build.0 = Release|x86
		{77DA33CC-4508-48AE-8AC2-678A08A6668C}.Release|x86.Deploy.0 = Release|x86
		{9084E517-4EEE-4B73-9769-F26F37549613}.Debug|Any CPU.ActiveCfg = Debug|Any CPU
		{9084E517-4EEE-4B73-9769-F26F37549613}.Debug|Any CPU.Build.0 = Debug|Any CPU
		{9084E517-4EEE-4B73-9769-F26F37549613}.Debug|ARM.ActiveCfg = Debug|Any CPU
		{9084E517-4EEE-4B73-9769-F26F37549613}.Debug|ARM.Build.0 = Debug|Any CPU
		{9084E517-4EEE-4B73-9769-F26F37549613}.Debug|iPhone.ActiveCfg = Debug|Any CPU
		{9084E517-4EEE-4B73-9769-F26F37549613}.Debug|iPhone.Build.0 = Debug|Any CPU
		{9084E517-4EEE-4B73-9769-F26F37549613}.Debug|iPhoneSimulator.ActiveCfg = Debug|Any CPU
		{9084E517-4EEE-4B73-9769-F26F37549613}.Debug|iPhoneSimulator.Build.0 = Debug|Any CPU
		{9084E517-4EEE-4B73-9769-F26F37549613}.Debug|x64.ActiveCfg = Debug|Any CPU
		{9084E517-4EEE-4B73-9769-F26F37549613}.Debug|x64.Build.0 = Debug|Any CPU
		{9084E517-4EEE-4B73-9769-F26F37549613}.Debug|x86.ActiveCfg = Debug|Any CPU
		{9084E517-4EEE-4B73-9769-F26F37549613}.Debug|x86.Build.0 = Debug|Any CPU
		{9084E517-4EEE-4B73-9769-F26F37549613}.Release|Any CPU.ActiveCfg = Release|Any CPU
		{9084E517-4EEE-4B73-9769-F26F37549613}.Release|Any CPU.Build.0 = Release|Any CPU
		{9084E517-4EEE-4B73-9769-F26F37549613}.Release|ARM.ActiveCfg = Release|Any CPU
		{9084E517-4EEE-4B73-9769-F26F37549613}.Release|ARM.Build.0 = Release|Any CPU
		{9084E517-4EEE-4B73-9769-F26F37549613}.Release|iPhone.ActiveCfg = Release|Any CPU
		{9084E517-4EEE-4B73-9769-F26F37549613}.Release|iPhone.Build.0 = Release|Any CPU
		{9084E517-4EEE-4B73-9769-F26F37549613}.Release|iPhoneSimulator.ActiveCfg = Release|Any CPU
		{9084E517-4EEE-4B73-9769-F26F37549613}.Release|iPhoneSimulator.Build.0 = Release|Any CPU
		{9084E517-4EEE-4B73-9769-F26F37549613}.Release|x64.ActiveCfg = Release|Any CPU
		{9084E517-4EEE-4B73-9769-F26F37549613}.Release|x64.Build.0 = Release|Any CPU
		{9084E517-4EEE-4B73-9769-F26F37549613}.Release|x86.ActiveCfg = Release|Any CPU
		{9084E517-4EEE-4B73-9769-F26F37549613}.Release|x86.Build.0 = Release|Any CPU
	EndGlobalSection
	GlobalSection(SolutionProperties) = preSolution
		HideSolutionNode = FALSE
	EndGlobalSection
	GlobalSection(NestedProjects) = preSolution
		{445A69BE-0B76-485F-9838-7C3EF5251725} = {4C825B61-C6F0-4F60-B547-0173C6E39359}
	EndGlobalSection
	GlobalSection(ExtensibilityGlobals) = postSolution
		SolutionGuid = {2EF97446-96D6-4EC0-9039-D766C6EB80D5}
	EndGlobalSection
EndGlobal
